
Microsoft Visual Studio Solution File, Format Version 12.00
# Visual Studio Version 16
VisualStudioVersion = 16.0.30128.74
MinimumVisualStudioVersion = 10.0.40219.1
Project("{FAE04EC0-301F-11D3-BF4B-00C04F79EFBC}") = "Front End Languages Project", "Front End Languages Project\Front End Languages Project.csproj", "{2ED4D7A2-F8A5-46E9-8A87-D94942FA53F1}"
EndProject
Global
	GlobalSection(SolutionConfigurationPlatforms) = preSolution
		Debug|Any CPU = Debug|Any CPU
		Release|Any CPU = Release|Any CPU
	EndGlobalSection
	GlobalSection(ProjectConfigurationPlatforms) = postSolution
		{2ED4D7A2-F8A5-46E9-8A87-D94942FA53F1}.Debug|Any CPU.ActiveCfg = Debug|Any CPU
		{2ED4D7A2-F8A5-46E9-8A87-D94942FA53F1}.Debug|Any CPU.Build.0 = Debug|Any CPU
		{2ED4D7A2-F8A5-46E9-8A87-D94942FA53F1}.Release|Any CPU.ActiveCfg = Release|Any CPU
		{2ED4D7A2-F8A5-46E9-8A87-D94942FA53F1}.Release|Any CPU.Build.0 = Release|Any CPU
	EndGlobalSection
	GlobalSection(SolutionProperties) = preSolution
		HideSolutionNode = FALSE
	EndGlobalSection
	GlobalSection(ExtensibilityGlobals) = postSolution
		SolutionGuid = {B768B9CE-8F98-4F1B-B8D8-7328FB98E44D}
	EndGlobalSection
EndGlobal
